
Microsoft Visual Studio Solution File, Format Version 12.00
# Visual Studio 15
VisualStudioVersion = 15.0.28307.1401
MinimumVisualStudioVersion = 10.0.40219.1
Project("{FAE04EC0-301F-11D3-BF4B-00C04F79EFBC}") = "NP_Project_Server", "NP_Project_Server\NP_Project_Server.csproj", "{10118274-9B3E-4EDE-A502-1D4B6E9D8264}"
EndProject
Global
	GlobalSection(SolutionConfigurationPlatforms) = preSolution
		Debug|Any CPU = Debug|Any CPU
		Release|Any CPU = Release|Any CPU
	EndGlobalSection
	GlobalSection(ProjectConfigurationPlatforms) = postSolution
		{10118274-9B3E-4EDE-A502-1D4B6E9D8264}.Debug|Any CPU.ActiveCfg = Debug|Any CPU
		{10118274-9B3E-4EDE-A502-1D4B6E9D8264}.Debug|Any CPU.Build.0 = Debug|Any CPU
		{10118274-9B3E-4EDE-A502-1D4B6E9D8264}.Release|Any CPU.ActiveCfg = Release|Any CPU
		{10118274-9B3E-4EDE-A502-1D4B6E9D8264}.Release|Any CPU.Build.0 = Release|Any CPU
	EndGlobalSection
	GlobalSection(SolutionProperties) = preSolution
		HideSolutionNode = FALSE
	EndGlobalSection
	GlobalSection(ExtensibilityGlobals) = postSolution
		SolutionGuid = {ADBE8940-67BB-498E-92C4-4DF3CA3BCE6F}
	EndGlobalSection
EndGlobal
